
Microsoft Visual Studio Solution File, Format Version 12.00
# Visual Studio Version 16
VisualStudioVersion = 16.0.32228.343
MinimumVisualStudioVersion = 10.0.40219.1
Project("{FAE04EC0-301F-11D3-BF4B-00C04F79EFBC}") = "MyApp", "GUI\MyApp.csproj", "{3D5DAD0B-C238-44DD-B192-DDFBC96A5E46}"
EndProject
Project("{FAE04EC0-301F-11D3-BF4B-00C04F79EFBC}") = "MyApp2", "MyApp2\MyApp2.csproj", "{A4EE1827-8518-497C-9299-A4364E97BE57}"
EndProject
Global
	GlobalSection(SolutionConfigurationPlatforms) = preSolution
		Debug|Any CPU = Debug|Any CPU
		Release|Any CPU = Release|Any CPU
	EndGlobalSection
	GlobalSection(ProjectConfigurationPlatforms) = postSolution
		{3D5DAD0B-C238-44DD-B192-DDFBC96A5E46}.Debug|Any CPU.ActiveCfg = Debug|Any CPU
		{3D5DAD0B-C238-44DD-B192-DDFBC96A5E46}.Debug|Any CPU.Build.0 = Debug|Any CPU
		{3D5DAD0B-C238-44DD-B192-DDFBC96A5E46}.Release|Any CPU.ActiveCfg = Release|Any CPU
		{3D5DAD0B-C238-44DD-B192-DDFBC96A5E46}.Release|Any CPU.Build.0 = Release|Any CPU
		{A4EE1827-8518-497C-9299-A4364E97BE57}.Debug|Any CPU.ActiveCfg = Debug|Any CPU
		{A4EE1827-8518-497C-9299-A4364E97BE57}.Debug|Any CPU.Build.0 = Debug|Any CPU
		{A4EE1827-8518-497C-9299-A4364E97BE57}.Release|Any CPU.ActiveCfg = Release|Any CPU
		{A4EE1827-8518-497C-9299-A4364E97BE57}.Release|Any CPU.Build.0 = Release|Any CPU
	EndGlobalSection
	GlobalSection(SolutionProperties) = preSolution
		HideSolutionNode = FALSE
	EndGlobalSection
	GlobalSection(ExtensibilityGlobals) = postSolution
		SolutionGuid = {20CB18DE-3B27-43FB-BE5A-FCF6970E76E5}
	EndGlobalSection
EndGlobal
